
Microsoft Visual Studio Solution File, Format Version 12.00
# Visual Studio 15
VisualStudioVersion = 15.0.26124.0
MinimumVisualStudioVersion = 15.0.26124.0
Project("{2150E333-8FDC-42A3-9474-1A3956D46DE8}") = "src", "src", "{EAD54AB4-3CEE-4710-98B8-DCFAA31F38D6}"
EndProject
Project("{FAE04EC0-301F-11D3-BF4B-00C04F79EFBC}") = "CmdR", "src\CmdR\CmdR.csproj", "{883E6EBB-E1A0-4149-B503-DC214FCB8606}"
EndProject
Project("{2150E333-8FDC-42A3-9474-1A3956D46DE8}") = "samples", "samples", "{F9E09513-C2C1-4524-A707-029202E620EE}"
EndProject
Project("{FAE04EC0-301F-11D3-BF4B-00C04F79EFBC}") = "BasicSample", "samples\BasicSample\BasicSample.csproj", "{34A14BD2-5C69-49BB-A0C1-0E75F1814FAD}"
EndProject
Global
	GlobalSection(SolutionConfigurationPlatforms) = preSolution
		Debug|Any CPU = Debug|Any CPU
		Debug|x64 = Debug|x64
		Debug|x86 = Debug|x86
		Release|Any CPU = Release|Any CPU
		Release|x64 = Release|x64
		Release|x86 = Release|x86
	EndGlobalSection
	GlobalSection(SolutionProperties) = preSolution
		HideSolutionNode = FALSE
	EndGlobalSection
	GlobalSection(ProjectConfigurationPlatforms) = postSolution
		{883E6EBB-E1A0-4149-B503-DC214FCB8606}.Debug|Any CPU.ActiveCfg = Debug|Any CPU
		{883E6EBB-E1A0-4149-B503-DC214FCB8606}.Debug|Any CPU.Build.0 = Debug|Any CPU
		{883E6EBB-E1A0-4149-B503-DC214FCB8606}.Debug|x64.ActiveCfg = Debug|Any CPU
		{883E6EBB-E1A0-4149-B503-DC214FCB8606}.Debug|x64.Build.0 = Debug|Any CPU
		{883E6EBB-E1A0-4149-B503-DC214FCB8606}.Debug|x86.ActiveCfg = Debug|Any CPU
		{883E6EBB-E1A0-4149-B503-DC214FCB8606}.Debug|x86.Build.0 = Debug|Any CPU
		{883E6EBB-E1A0-4149-B503-DC214FCB8606}.Release|Any CPU.ActiveCfg = Release|Any CPU
		{883E6EBB-E1A0-4149-B503-DC214FCB8606}.Release|Any CPU.Build.0 = Release|Any CPU
		{883E6EBB-E1A0-4149-B503-DC214FCB8606}.Release|x64.ActiveCfg = Release|Any CPU
		{883E6EBB-E1A0-4149-B503-DC214FCB8606}.Release|x64.Build.0 = Release|Any CPU
		{883E6EBB-E1A0-4149-B503-DC214FCB8606}.Release|x86.ActiveCfg = Release|Any CPU
		{883E6EBB-E1A0-4149-B503-DC214FCB8606}.Release|x86.Build.0 = Release|Any CPU
		{34A14BD2-5C69-49BB-A0C1-0E75F1814FAD}.Debug|Any CPU.ActiveCfg = Debug|Any CPU
		{34A14BD2-5C69-49BB-A0C1-0E75F1814FAD}.Debug|Any CPU.Build.0 = Debug|Any CPU
		{34A14BD2-5C69-49BB-A0C1-0E75F1814FAD}.Debug|x64.ActiveCfg = Debug|Any CPU
		{34A14BD2-5C69-49BB-A0C1-0E75F1814FAD}.Debug|x64.Build.0 = Debug|Any CPU
		{34A14BD2-5C69-49BB-A0C1-0E75F1814FAD}.Debug|x86.ActiveCfg = Debug|Any CPU
		{34A14BD2-5C69-49BB-A0C1-0E75F1814FAD}.Debug|x86.Build.0 = Debug|Any CPU
		{34A14BD2-5C69-49BB-A0C1-0E75F1814FAD}.Release|Any CPU.ActiveCfg = Release|Any CPU
		{34A14BD2-5C69-49BB-A0C1-0E75F1814FAD}.Release|Any CPU.Build.0 = Release|Any CPU
		{34A14BD2-5C69-49BB-A0C1-0E75F1814FAD}.Release|x64.ActiveCfg = Release|Any CPU
		{34A14BD2-5C69-49BB-A0C1-0E75F1814FAD}.Release|x64.Build.0 = Release|Any CPU
		{34A14BD2-5C69-49BB-A0C1-0E75F1814FAD}.Release|x86.ActiveCfg = Release|Any CPU
		{34A14BD2-5C69-49BB-A0C1-0E75F1814FAD}.Release|x86.Build.0 = Release|Any CPU
	EndGlobalSection
	GlobalSection(NestedProjects) = preSolution
		{883E6EBB-E1A0-4149-B503-DC214FCB8606} = {EAD54AB4-3CEE-4710-98B8-DCFAA31F38D6}
		{34A14BD2-5C69-49BB-A0C1-0E75F1814FAD} = {F9E09513-C2C1-4524-A707-029202E620EE}
	EndGlobalSection
EndGlobal
