
Microsoft Visual Studio Solution File, Format Version 12.00
# Visual Studio 15
VisualStudioVersion = 15.0.26124.0
MinimumVisualStudioVersion = 15.0.26124.0
Project("{2150E333-8FDC-42A3-9474-1A3956D46DE8}") = "src", "src", "{EAD54AB4-3CEE-4710-98B8-DCFAA31F38D6}"
EndProject
Project("{FAE04EC0-301F-11D3-BF4B-00C04F79EFBC}") = "CmdR", "src\CmdR\CmdR.csproj", "{883E6EBB-E1A0-4149-B503-DC214FCB8606}"
EndProject
Project("{2150E333-8FDC-42A3-9474-1A3956D46DE8}") = "samples", "samples", "{F9E09513-C2C1-4524-A707-029202E620EE}"
EndProject
Project("{2150E333-8FDC-42A3-9474-1A3956D46DE8}") = "tests", "tests", "{0634A7F5-617C-4367-98DD-483739C7936F}"
EndProject
Project("{FAE04EC0-301F-11D3-BF4B-00C04F79EFBC}") = "WeatherSample", "samples\WeatherSample\WeatherSample.csproj", "{39708B3E-48F9-43C3-B15B-309CBFC97405}"
EndProject
Project("{FAE04EC0-301F-11D3-BF4B-00C04F79EFBC}") = "CmdR.UnitTests", "tests\CmdR.UnitTests\CmdR.UnitTests.csproj", "{AD4D1007-1A44-4058-ABDE-890104801694}"
EndProject
Global
	GlobalSection(SolutionConfigurationPlatforms) = preSolution
		Debug|Any CPU = Debug|Any CPU
		Debug|x64 = Debug|x64
		Debug|x86 = Debug|x86
		Release|Any CPU = Release|Any CPU
		Release|x64 = Release|x64
		Release|x86 = Release|x86
	EndGlobalSection
	GlobalSection(SolutionProperties) = preSolution
		HideSolutionNode = FALSE
	EndGlobalSection
	GlobalSection(ProjectConfigurationPlatforms) = postSolution
		{883E6EBB-E1A0-4149-B503-DC214FCB8606}.Debug|Any CPU.ActiveCfg = Debug|Any CPU
		{883E6EBB-E1A0-4149-B503-DC214FCB8606}.Debug|Any CPU.Build.0 = Debug|Any CPU
		{883E6EBB-E1A0-4149-B503-DC214FCB8606}.Debug|x64.ActiveCfg = Debug|Any CPU
		{883E6EBB-E1A0-4149-B503-DC214FCB8606}.Debug|x64.Build.0 = Debug|Any CPU
		{883E6EBB-E1A0-4149-B503-DC214FCB8606}.Debug|x86.ActiveCfg = Debug|Any CPU
		{883E6EBB-E1A0-4149-B503-DC214FCB8606}.Debug|x86.Build.0 = Debug|Any CPU
		{883E6EBB-E1A0-4149-B503-DC214FCB8606}.Release|Any CPU.ActiveCfg = Release|Any CPU
		{883E6EBB-E1A0-4149-B503-DC214FCB8606}.Release|Any CPU.Build.0 = Release|Any CPU
		{883E6EBB-E1A0-4149-B503-DC214FCB8606}.Release|x64.ActiveCfg = Release|Any CPU
		{883E6EBB-E1A0-4149-B503-DC214FCB8606}.Release|x64.Build.0 = Release|Any CPU
		{883E6EBB-E1A0-4149-B503-DC214FCB8606}.Release|x86.ActiveCfg = Release|Any CPU
		{883E6EBB-E1A0-4149-B503-DC214FCB8606}.Release|x86.Build.0 = Release|Any CPU
		{39708B3E-48F9-43C3-B15B-309CBFC97405}.Debug|Any CPU.ActiveCfg = Debug|Any CPU
		{39708B3E-48F9-43C3-B15B-309CBFC97405}.Debug|Any CPU.Build.0 = Debug|Any CPU
		{39708B3E-48F9-43C3-B15B-309CBFC97405}.Debug|x64.ActiveCfg = Debug|Any CPU
		{39708B3E-48F9-43C3-B15B-309CBFC97405}.Debug|x64.Build.0 = Debug|Any CPU
		{39708B3E-48F9-43C3-B15B-309CBFC97405}.Debug|x86.ActiveCfg = Debug|Any CPU
		{39708B3E-48F9-43C3-B15B-309CBFC97405}.Debug|x86.Build.0 = Debug|Any CPU
		{39708B3E-48F9-43C3-B15B-309CBFC97405}.Release|Any CPU.ActiveCfg = Release|Any CPU
		{39708B3E-48F9-43C3-B15B-309CBFC97405}.Release|Any CPU.Build.0 = Release|Any CPU
		{39708B3E-48F9-43C3-B15B-309CBFC97405}.Release|x64.ActiveCfg = Release|Any CPU
		{39708B3E-48F9-43C3-B15B-309CBFC97405}.Release|x64.Build.0 = Release|Any CPU
		{39708B3E-48F9-43C3-B15B-309CBFC97405}.Release|x86.ActiveCfg = Release|Any CPU
		{39708B3E-48F9-43C3-B15B-309CBFC97405}.Release|x86.Build.0 = Release|Any CPU
		{AD4D1007-1A44-4058-ABDE-890104801694}.Debug|Any CPU.ActiveCfg = Debug|Any CPU
		{AD4D1007-1A44-4058-ABDE-890104801694}.Debug|Any CPU.Build.0 = Debug|Any CPU
		{AD4D1007-1A44-4058-ABDE-890104801694}.Debug|x64.ActiveCfg = Debug|Any CPU
		{AD4D1007-1A44-4058-ABDE-890104801694}.Debug|x64.Build.0 = Debug|Any CPU
		{AD4D1007-1A44-4058-ABDE-890104801694}.Debug|x86.ActiveCfg = Debug|Any CPU
		{AD4D1007-1A44-4058-ABDE-890104801694}.Debug|x86.Build.0 = Debug|Any CPU
		{AD4D1007-1A44-4058-ABDE-890104801694}.Release|Any CPU.ActiveCfg = Release|Any CPU
		{AD4D1007-1A44-4058-ABDE-890104801694}.Release|Any CPU.Build.0 = Release|Any CPU
		{AD4D1007-1A44-4058-ABDE-890104801694}.Release|x64.ActiveCfg = Release|Any CPU
		{AD4D1007-1A44-4058-ABDE-890104801694}.Release|x64.Build.0 = Release|Any CPU
		{AD4D1007-1A44-4058-ABDE-890104801694}.Release|x86.ActiveCfg = Release|Any CPU
		{AD4D1007-1A44-4058-ABDE-890104801694}.Release|x86.Build.0 = Release|Any CPU
	EndGlobalSection
	GlobalSection(NestedProjects) = preSolution
		{883E6EBB-E1A0-4149-B503-DC214FCB8606} = {EAD54AB4-3CEE-4710-98B8-DCFAA31F38D6}
		{39708B3E-48F9-43C3-B15B-309CBFC97405} = {F9E09513-C2C1-4524-A707-029202E620EE}
		{AD4D1007-1A44-4058-ABDE-890104801694} = {0634A7F5-617C-4367-98DD-483739C7936F}
	EndGlobalSection
EndGlobal
